
Microsoft Visual Studio Solution File, Format Version 12.00
# Visual Studio 15
VisualStudioVersion = 15.0.28307.102
MinimumVisualStudioVersion = 10.0.40219.1
Project("{8BC9CEB8-8B4A-11D0-8D11-00A0C91BC942}") = "OpenGLArrenge", "OpenGLArrenge.vcxproj", "{37CD67E5-A992-4764-AC9A-85D21911F671}"
EndProject
Global
	GlobalSection(SolutionConfigurationPlatforms) = preSolution
		Debug|x64 = Debug|x64
		Debug|x86 = Debug|x86
		Release|x64 = Release|x64
		Release|x86 = Release|x86
	EndGlobalSection
	GlobalSection(ProjectConfigurationPlatforms) = postSolution
		{37CD67E5-A992-4764-AC9A-85D21911F671}.Debug|x64.ActiveCfg = Debug|x64
		{37CD67E5-A992-4764-AC9A-85D21911F671}.Debug|x64.Build.0 = Debug|x64
		{37CD67E5-A992-4764-AC9A-85D21911F671}.Debug|x86.ActiveCfg = Debug|Win32
		{37CD67E5-A992-4764-AC9A-85D21911F671}.Debug|x86.Build.0 = Debug|Win32
		{37CD67E5-A992-4764-AC9A-85D21911F671}.Release|x64.ActiveCfg = Release|x64
		{37CD67E5-A992-4764-AC9A-85D21911F671}.Release|x64.Build.0 = Release|x64
		{37CD67E5-A992-4764-AC9A-85D21911F671}.Release|x86.ActiveCfg = Release|Win32
		{37CD67E5-A992-4764-AC9A-85D21911F671}.Release|x86.Build.0 = Release|Win32
	EndGlobalSection
	GlobalSection(SolutionProperties) = preSolution
		HideSolutionNode = FALSE
	EndGlobalSection
	GlobalSection(ExtensibilityGlobals) = postSolution
		SolutionGuid = {9879E1F4-E267-4120-ACFA-0F2AA1AEE092}
	EndGlobalSection
EndGlobal
