<?xml version="1.0" encoding="utf-8"?>
<Project ToolsVersion="4.0" xmlns="http://schemas.microsoft.com/developer/msbuild/2003">
  <ItemGroup>
    <Filter Include="ソース ファイル">
      <UniqueIdentifier>{4FC737F1-C7A5-4376-A066-2A32D752A2FF}</UniqueIdentifier>
      <Extensions>cpp;c;cc;cxx;def;odl;idl;hpj;bat;asm;asmx</Extensions>
    </Filter>
    <Filter Include="ヘッダー ファイル">
      <UniqueIdentifier>{93995380-89BD-4b04-88EB-625FBE52EBFB}</UniqueIdentifier>
      <Extensions>h;hh;hpp;hxx;hm;inl;inc;ipp;xsd</Extensions>
    </Filter>
    <Filter Include="リソース ファイル">
      <UniqueIdentifier>{67DA6AB6-F800-4c08-8B7A-83BB121AAD01}</UniqueIdentifier>
      <Extensions>rc;ico;cur;bmp;dlg;rc2;rct;bin;rgs;gif;jpg;jpeg;jpe;resx;tiff;tif;png;wav;mfcribbon-ms</Extensions>
    </Filter>
    <Filter Include="リソース ファイル\Memo">
      <UniqueIdentifier>{33e95fca-2998-4eef-9bca-e34ebc1d17f1}</UniqueIdentifier>
    </Filter>
    <Filter Include="リソース ファイル\Shader">
      <UniqueIdentifier>{643dde8b-b731-4e66-927d-8fe5731e0bc0}</UniqueIdentifier>
    </Filter>
    <Filter Include="Docment">
      <UniqueIdentifier>{702187d2-e338-4469-be99-0f0f24cbabbc}</UniqueIdentifier>
    </Filter>
    <Filter Include="System">
      <UniqueIdentifier>{815e9339-e045-4e63-89c2-cf4941c4a106}</UniqueIdentifier>
    </Filter>
  </ItemGroup>
  <ItemGroup>
    <None Include="packages.config" />
    <None Include="Res\Shader\Tutorial.frag">
      <Filter>リソース ファイル\Shader</Filter>
    </None>
    <None Include="Res\Shader\Tutorial.vert">
      <Filter>リソース ファイル\Shader</Filter>
    </None>
    <None Include="Res\Shader\Tutorial2.frag">
      <Filter>リソース ファイル\Shader</Filter>
    </None>
    <None Include="Res\Shader\Tutorial2.vert">
      <Filter>リソース ファイル\Shader</Filter>
    </None>
    <None Include="Res\memo\Tutorial3.vert">
      <Filter>リソース ファイル\Shader</Filter>
    </None>
    <None Include="Res\memo\Tutorial3.frag">
      <Filter>リソース ファイル\Shader</Filter>
    </None>
  </ItemGroup>
  <ItemGroup>
    <ClInclude Include="Src\FileNameList.h">
      <Filter>Docment</Filter>
    </ClInclude>
    <ClInclude Include="Src\GLFWEW.h">
      <Filter>System</Filter>
    </ClInclude>
    <ClInclude Include="Src\GamePad.h">
      <Filter>System</Filter>
    </ClInclude>
    <ClInclude Include="Src\Texture.h">
      <Filter>ヘッダー ファイル</Filter>
    </ClInclude>
    <ClInclude Include="Src\Shader.h">
      <Filter>System</Filter>
    </ClInclude>
    <ClInclude Include="Src\OffscreenBuffer.h">
      <Filter>System</Filter>
    </ClInclude>
    <ClInclude Include="Src\UniformBuffer.h">
      <Filter>System</Filter>
    </ClInclude>
    <ClInclude Include="Src\Mesh.h">
      <Filter>System</Filter>
    </ClInclude>
  </ItemGroup>
  <ItemGroup>
    <Text Include="Res\memo\Ver1memo.txt">
      <Filter>リソース ファイル\Memo</Filter>
    </Text>
    <Text Include="Res\memo\Ver2memo.txt">
      <Filter>リソース ファイル\Memo</Filter>
    </Text>
    <Text Include="Res\memo\AboutGLSL.txt">
      <Filter>リソース ファイル\Memo</Filter>
    </Text>
    <Text Include="Res\memo\Ver3memo.txt">
      <Filter>リソース ファイル\Memo</Filter>
    </Text>
    <Text Include="Res\memo\AboutGLM.txt">
      <Filter>リソース ファイル\Memo</Filter>
    </Text>
    <Text Include="Res\memo\Ver4memo.txt">
      <Filter>リソース ファイル\Memo</Filter>
    </Text>
    <Text Include="Res\memo\Ver5memo.txt">
      <Filter>リソース ファイル\Memo</Filter>
    </Text>
    <Text Include="Res\memo\Ver6memo.txt">
      <Filter>リソース ファイル\Memo</Filter>
    </Text>
    <Text Include="Res\memo\Ver7memo.txt">
      <Filter>リソース ファイル\Memo</Filter>
    </Text>
  </ItemGroup>
  <ItemGroup>
    <ClCompile Include="Src\Main.cpp">
      <Filter>ソース ファイル</Filter>
    </ClCompile>
    <ClCompile Include="Src\GLFWEW.cpp">
      <Filter>System</Filter>
    </ClCompile>
    <ClCompile Include="Src\Texture.cpp">
      <Filter>ソース ファイル</Filter>
    </ClCompile>
    <ClCompile Include="Src\Shader.cpp">
      <Filter>System</Filter>
    </ClCompile>
    <ClCompile Include="Src\OffscreenBuffer.cpp">
      <Filter>System</Filter>
    </ClCompile>
    <ClCompile Include="Src\UniformBuffer.cpp">
      <Filter>System</Filter>
    </ClCompile>
    <ClCompile Include="Src\Mesh.cpp">
      <Filter>System</Filter>
    </ClCompile>
  </ItemGroup>
</Project>